
Microsoft Visual Studio Solution File, Format Version 12.00
Project("{FAE04EC0-301F-11D3-BF4B-00C04F79EFBC}") = "TaskHub", "TaskHub\TaskHub.csproj", "{A8B7E665-306F-4BC6-86C0-BB73D28F0BAA}"
EndProject
Project("{FAE04EC0-301F-11D3-BF4B-00C04F79EFBC}") = "TaskHub.Tests", "TaskHub.Tests\TaskHub.Tests.csproj", "{A23CABC6-BB97-46FB-A961-850EF7EF8983}"
EndProject
Global
	GlobalSection(SolutionConfigurationPlatforms) = preSolution
		Debug|Any CPU = Debug|Any CPU
		Release|Any CPU = Release|Any CPU
	EndGlobalSection
	GlobalSection(ProjectConfigurationPlatforms) = postSolution
		{A8B7E665-306F-4BC6-86C0-BB73D28F0BAA}.Debug|Any CPU.ActiveCfg = Debug|Any CPU
		{A8B7E665-306F-4BC6-86C0-BB73D28F0BAA}.Debug|Any CPU.Build.0 = Debug|Any CPU
		{A8B7E665-306F-4BC6-86C0-BB73D28F0BAA}.Release|Any CPU.ActiveCfg = Release|Any CPU
		{A8B7E665-306F-4BC6-86C0-BB73D28F0BAA}.Release|Any CPU.Build.0 = Release|Any CPU
		{A23CABC6-BB97-46FB-A961-850EF7EF8983}.Debug|Any CPU.ActiveCfg = Debug|Any CPU
		{A23CABC6-BB97-46FB-A961-850EF7EF8983}.Debug|Any CPU.Build.0 = Debug|Any CPU
		{A23CABC6-BB97-46FB-A961-850EF7EF8983}.Release|Any CPU.ActiveCfg = Release|Any CPU
		{A23CABC6-BB97-46FB-A961-850EF7EF8983}.Release|Any CPU.Build.0 = Release|Any CPU
	EndGlobalSection
EndGlobal
